{
  "version": 4,
  "terraform_version": "1.14.8",
  "serial": 42,
  "lineage": "4e2df49b-792a-a9a7-a5d4-b3d9cd9176bd",
  "outputs": {
    "balancer_ip": {
      "value": [
        "111.88.250.245"
      ],
      "type": [
        "tuple",
        [
          "string"
        ]
      ]
    }
  },
  "resources": [
    {
      "mode": "data",
      "type": "yandex_compute_image",
      "name": "ubuntu",
      "provider": "provider[\"registry.terraform.io/yandex-cloud/yandex\"]",
      "instances": [
        {
          "schema_version": 0,
          "attributes": {
            "created_at": "2026-04-06T11:29:04Z",
            "description": "Ubuntu 22.04 lts v20260327030211",
            "family": "ubuntu-2204-lts",
            "folder_id": "standard-images",
            "id": "fd8r71tg4mg5b3uiholm",
            "image_id": "fd8r71tg4mg5b3uiholm",
            "labels": {
              "version": "20260327030211",
              "x-hopper-operation-id": "d9pv04evkqmrdfoj5i8r",
              "x-hopper-source-image-id": "fd8prshpc67sbrv11q09"
            },
            "min_disk_size": 8,
            "name": "ubuntu-22-04-lts-v20260406",
            "os_type": "linux",
            "pooled": true,
            "product_ids": [
              "f2evvqut2ac8ang2mdb5"
            ],
            "size": 3,
            "status": "ready"
          },
          "sensitive_attributes": [],
          "identity_schema_version": 0
        }
      ]
    },
    {
      "mode": "managed",
      "type": "local_file",
      "name": "hosts_cfg",
      "provider": "provider[\"registry.terraform.io/hashicorp/local\"]",
      "instances": [
        {
          "schema_version": 0,
          "attributes": {
            "content": "[web]\nvm-0 ansible_host=111.88.244.114\nvm-1 ansible_host=111.88.245.34\n\n[web:vars]\nansible_user=ubuntu\nansible_ssh_private_key_file=~/.ssh/id_rsa\n# Отключаем проверку ключа, чтобы Ansible не спрашивал \"yes/no\" при первом входе\nansible_ssh_common_args='-o StrictHostKeyChecking=no'\n",
            "content_base64": null,
            "content_base64sha256": "IEsE4fVfX7Fl+N7J73fd57k8+h4l22qDIPkH+PV77z0=",
            "content_base64sha512": "q19+AIJ4vvovzyP9ihgz+iowhYkhnbKMRqBEBu5CmIsgSuswU7BZxv+KYbuFZWxGNF/vS21+D7SIuJMVl9rEmQ==",
            "content_md5": "cb8da617569df5415e4f528446793803",
            "content_sha1": "075df90c196e7c02ef255200b465334d274f1357",
            "content_sha256": "204b04e1f55f5fb165f8dec9ef77dde7b93cfa1e25db6a8320f907f8f57bef3d",
            "content_sha512": "ab5f7e008278befa2fcf23fd8a1833fa2a308589219db28c46a04406ee42988b204aeb3053b059c6ff8a61bb85656c46345fef4b6d7e0fb488b8931597dac499",
            "directory_permission": "0777",
            "file_permission": "0777",
            "filename": "./hosts.ini",
            "id": "075df90c196e7c02ef255200b465334d274f1357",
            "sensitive_content": null,
            "source": null
          },
          "sensitive_attributes": [
            [
              {
                "type": "get_attr",
                "value": "sensitive_content"
              }
            ]
          ],
          "identity_schema_version": 0,
          "dependencies": [
            "data.yandex_compute_image.ubuntu",
            "yandex_compute_instance.vm",
            "yandex_vpc_network.develop",
            "yandex_vpc_subnet.develop"
          ]
        }
      ]
    },
    {
      "mode": "managed",
      "type": "null_resource",
      "name": "web_setup",
      "provider": "provider[\"registry.terraform.io/hashicorp/null\"]",
      "instances": [
        {
          "schema_version": 0,
          "attributes": {
            "id": "7462555332065007079",
            "triggers": null
          },
          "sensitive_attributes": [],
          "identity_schema_version": 0,
          "dependencies": [
            "data.yandex_compute_image.ubuntu",
            "local_file.hosts_cfg",
            "yandex_compute_instance.vm",
            "yandex_vpc_network.develop",
            "yandex_vpc_subnet.develop"
          ]
        }
      ]
    },
    {
      "mode": "managed",
      "type": "yandex_compute_instance",
      "name": "vm",
      "provider": "provider[\"registry.terraform.io/yandex-cloud/yandex\"]",
      "instances": [
        {
          "index_key": 0,
          "schema_version": 1,
          "attributes": {
            "allow_recreate": null,
            "allow_stopping_for_update": null,
            "boot_disk": [
              {
                "auto_delete": true,
                "device_name": "fhm3v2i5eci46316q999",
                "disk_id": "fhm3v2i5eci46316q999",
                "initialize_params": [
                  {
                    "block_size": 4096,
                    "description": "",
                    "image_id": "fd8r71tg4mg5b3uiholm",
                    "name": "",
                    "size": 8,
                    "snapshot_id": "",
                    "type": "network-hdd"
                  }
                ],
                "mode": "READ_WRITE"
              }
            ],
            "created_at": "2026-04-10T10:15:05Z",
            "description": "",
            "filesystem": [],
            "folder_id": "b1ghkk8deprh76olu1sh",
            "fqdn": "fhmdbib2ko279te4aj77.auto.internal",
            "gpu_cluster_id": "",
            "hostname": "",
            "id": "fhmdbib2ko279te4aj77",
            "labels": null,
            "local_disk": [],
            "maintenance_grace_period": "",
            "maintenance_policy": null,
            "metadata": {
              "serial-port-enable": "1",
              "ssh-keys": "ubuntu:ssh-rsa AAAAB3NzaC1yc2EAAAADAQABAAABgQDjUEhNpnwg8+6Xq7hW6UfPARk89ETBWXfKvCiyhJeZJHjOuPagbXq15dtKfX6gk1nVDqhmyShvaj8850fXPjKO73h9nB8DU7WnrtORSYefWS32MYY29oNTTRl1R3xePdySUI0g1I+/zlv1Jls5gQbnGjrZs2MwsTrdD7LQml/+L0yEzTSdnWFdtBsqRuZq1bnx+1N/mMPjf7/YLsyt0NoPN+AINqGkddT5n78Y4724w99dPJY8qFyXB/dYXk/tHbokeB9GpYy9mMZBFGEbBqK4p8r6ZMB2/KDoPvBo9E/ZQ3Cp3uSUDtapTJqpMhQzvfBwbXtARMmaQ/HtojE3e1iXAwWtNKXt/BoMW9kveXvDuQH55/Op5Sa/sdgI80NhvpJhiOOoOE++/9OjxZWHoS+u5oeNtKbFD4m4nFQMLuHeVqrvm99bmroQ3emiaWlJ9oOhNNVJY8JmJw2D8EodsxwrTaCUVFI3ydOCqrbdqdn2N06EYnUKhikq3mjI6mp4Gmc= user@debian13\n"
            },
            "metadata_options": [
              {
                "aws_v1_http_endpoint": 1,
                "aws_v1_http_token": 2,
                "gce_http_endpoint": 1,
                "gce_http_token": 1
              }
            ],
            "name": "vm-0",
            "network_acceleration_type": "standard",
            "network_interface": [
              {
                "dns_record": [],
                "index": 0,
                "ip_address": "10.0.1.13",
                "ipv4": true,
                "ipv6": false,
                "ipv6_address": "",
                "ipv6_dns_record": [],
                "mac_address": "d0:0d:d5:c9:62:a6",
                "nat": true,
                "nat_dns_record": [],
                "nat_ip_address": "111.88.244.114",
                "nat_ip_version": "IPV4",
                "security_group_ids": [],
                "subnet_id": "e9b3e3btr644eur9dt4t"
              }
            ],
            "placement_policy": [
              {
                "host_affinity_rules": [],
                "placement_group_id": "",
                "placement_group_partition": 0
              }
            ],
            "platform_id": "standard-v1",
            "resources": [
              {
                "core_fraction": 20,
                "cores": 2,
                "gpus": 0,
                "memory": 1
              }
            ],
            "scheduling_policy": [
              {
                "preemptible": false
              }
            ],
            "secondary_disk": [],
            "service_account_id": "",
            "status": "running",
            "timeouts": null,
            "zone": "ru-central1-a"
          },
          "sensitive_attributes": [],
          "identity_schema_version": 0,
          "private": "eyJlMmJmYjczMC1lY2FhLTExZTYtOGY4OC0zNDM2M2JjN2M0YzAiOnsiY3JlYXRlIjozMDAwMDAwMDAwMDAsImRlbGV0ZSI6MzAwMDAwMDAwMDAwLCJ1cGRhdGUiOjMwMDAwMDAwMDAwMH0sInNjaGVtYV92ZXJzaW9uIjoiMSJ9",
          "dependencies": [
            "data.yandex_compute_image.ubuntu",
            "yandex_vpc_network.develop",
            "yandex_vpc_subnet.develop"
          ]
        },
        {
          "index_key": 1,
          "schema_version": 1,
          "attributes": {
            "allow_recreate": null,
            "allow_stopping_for_update": null,
            "boot_disk": [
              {
                "auto_delete": true,
                "device_name": "fhm07oda1l4on3877ej1",
                "disk_id": "fhm07oda1l4on3877ej1",
                "initialize_params": [
                  {
                    "block_size": 4096,
                    "description": "",
                    "image_id": "fd8r71tg4mg5b3uiholm",
                    "name": "",
                    "size": 8,
                    "snapshot_id": "",
                    "type": "network-hdd"
                  }
                ],
                "mode": "READ_WRITE"
              }
            ],
            "created_at": "2026-04-10T10:15:05Z",
            "description": "",
            "filesystem": [],
            "folder_id": "b1ghkk8deprh76olu1sh",
            "fqdn": "fhmcc228dqk87etomvmq.auto.internal",
            "gpu_cluster_id": "",
            "hostname": "",
            "id": "fhmcc228dqk87etomvmq",
            "labels": null,
            "local_disk": [],
            "maintenance_grace_period": "",
            "maintenance_policy": null,
            "metadata": {
              "serial-port-enable": "1",
              "ssh-keys": "ubuntu:ssh-rsa AAAAB3NzaC1yc2EAAAADAQABAAABgQDjUEhNpnwg8+6Xq7hW6UfPARk89ETBWXfKvCiyhJeZJHjOuPagbXq15dtKfX6gk1nVDqhmyShvaj8850fXPjKO73h9nB8DU7WnrtORSYefWS32MYY29oNTTRl1R3xePdySUI0g1I+/zlv1Jls5gQbnGjrZs2MwsTrdD7LQml/+L0yEzTSdnWFdtBsqRuZq1bnx+1N/mMPjf7/YLsyt0NoPN+AINqGkddT5n78Y4724w99dPJY8qFyXB/dYXk/tHbokeB9GpYy9mMZBFGEbBqK4p8r6ZMB2/KDoPvBo9E/ZQ3Cp3uSUDtapTJqpMhQzvfBwbXtARMmaQ/HtojE3e1iXAwWtNKXt/BoMW9kveXvDuQH55/Op5Sa/sdgI80NhvpJhiOOoOE++/9OjxZWHoS+u5oeNtKbFD4m4nFQMLuHeVqrvm99bmroQ3emiaWlJ9oOhNNVJY8JmJw2D8EodsxwrTaCUVFI3ydOCqrbdqdn2N06EYnUKhikq3mjI6mp4Gmc= user@debian13\n"
            },
            "metadata_options": [
              {
                "aws_v1_http_endpoint": 1,
                "aws_v1_http_token": 2,
                "gce_http_endpoint": 1,
                "gce_http_token": 1
              }
            ],
            "name": "vm-1",
            "network_acceleration_type": "standard",
            "network_interface": [
              {
                "dns_record": [],
                "index": 0,
                "ip_address": "10.0.1.11",
                "ipv4": true,
                "ipv6": false,
                "ipv6_address": "",
                "ipv6_dns_record": [],
                "mac_address": "d0:0d:c6:08:48:6e",
                "nat": true,
                "nat_dns_record": [],
                "nat_ip_address": "111.88.245.34",
                "nat_ip_version": "IPV4",
                "security_group_ids": [],
                "subnet_id": "e9b3e3btr644eur9dt4t"
              }
            ],
            "placement_policy": [
              {
                "host_affinity_rules": [],
                "placement_group_id": "",
                "placement_group_partition": 0
              }
            ],
            "platform_id": "standard-v1",
            "resources": [
              {
                "core_fraction": 20,
                "cores": 2,
                "gpus": 0,
                "memory": 1
              }
            ],
            "scheduling_policy": [
              {
                "preemptible": false
              }
            ],
            "secondary_disk": [],
            "service_account_id": "",
            "status": "running",
            "timeouts": null,
            "zone": "ru-central1-a"
          },
          "sensitive_attributes": [],
          "identity_schema_version": 0,
          "private": "eyJlMmJmYjczMC1lY2FhLTExZTYtOGY4OC0zNDM2M2JjN2M0YzAiOnsiY3JlYXRlIjozMDAwMDAwMDAwMDAsImRlbGV0ZSI6MzAwMDAwMDAwMDAwLCJ1cGRhdGUiOjMwMDAwMDAwMDAwMH0sInNjaGVtYV92ZXJzaW9uIjoiMSJ9",
          "dependencies": [
            "data.yandex_compute_image.ubuntu",
            "yandex_vpc_network.develop",
            "yandex_vpc_subnet.develop"
          ]
        }
      ]
    },
    {
      "mode": "managed",
      "type": "yandex_lb_network_load_balancer",
      "name": "lb",
      "provider": "provider[\"registry.terraform.io/yandex-cloud/yandex\"]",
      "instances": [
        {
          "schema_version": 0,
          "attributes": {
            "attached_target_group": [
              {
                "healthcheck": [
                  {
                    "healthy_threshold": 2,
                    "http_options": [
                      {
                        "path": "/",
                        "port": 80
                      }
                    ],
                    "interval": 2,
                    "name": "http",
                    "tcp_options": [],
                    "timeout": 1,
                    "unhealthy_threshold": 2
                  }
                ],
                "target_group_id": "enp4nc4js26ij3jrqeg0"
              }
            ],
            "created_at": "2026-04-10T10:17:47Z",
            "deletion_protection": false,
            "description": "",
            "folder_id": "b1ghkk8deprh76olu1sh",
            "id": "enp68b6d7pk6di560ph2",
            "labels": null,
            "listener": [
              {
                "external_address_spec": [
                  {
                    "address": "111.88.250.245",
                    "ip_version": "ipv4"
                  }
                ],
                "internal_address_spec": [],
                "name": "http-listener",
                "port": 80,
                "protocol": "tcp",
                "target_port": 80
              }
            ],
            "name": "my-load-balancer",
            "region_id": "ru-central1",
            "timeouts": null,
            "type": "external"
          },
          "sensitive_attributes": [],
          "identity_schema_version": 0,
          "private": "eyJlMmJmYjczMC1lY2FhLTExZTYtOGY4OC0zNDM2M2JjN2M0YzAiOnsiY3JlYXRlIjozMDAwMDAwMDAwMDAsImRlbGV0ZSI6MzAwMDAwMDAwMDAwLCJ1cGRhdGUiOjMwMDAwMDAwMDAwMH19",
          "dependencies": [
            "data.yandex_compute_image.ubuntu",
            "yandex_compute_instance.vm",
            "yandex_lb_target_group.tg",
            "yandex_vpc_network.develop",
            "yandex_vpc_subnet.develop"
          ]
        }
      ]
    },
    {
      "mode": "managed",
      "type": "yandex_lb_target_group",
      "name": "tg",
      "provider": "provider[\"registry.terraform.io/yandex-cloud/yandex\"]",
      "instances": [
        {
          "schema_version": 0,
          "attributes": {
            "created_at": "2026-04-10T10:17:45Z",
            "description": "",
            "folder_id": "b1ghkk8deprh76olu1sh",
            "id": "enp4nc4js26ij3jrqeg0",
            "labels": null,
            "name": "my-target-group",
            "region_id": "ru-central1",
            "target": [
              {
                "address": "10.0.1.11",
                "subnet_id": "e9b3e3btr644eur9dt4t"
              },
              {
                "address": "10.0.1.13",
                "subnet_id": "e9b3e3btr644eur9dt4t"
              }
            ],
            "timeouts": null
          },
          "sensitive_attributes": [],
          "identity_schema_version": 0,
          "private": "eyJlMmJmYjczMC1lY2FhLTExZTYtOGY4OC0zNDM2M2JjN2M0YzAiOnsiY3JlYXRlIjozMDAwMDAwMDAwMDAsImRlbGV0ZSI6MzAwMDAwMDAwMDAwLCJ1cGRhdGUiOjMwMDAwMDAwMDAwMH19",
          "dependencies": [
            "data.yandex_compute_image.ubuntu",
            "yandex_compute_instance.vm",
            "yandex_vpc_network.develop",
            "yandex_vpc_subnet.develop"
          ]
        }
      ]
    },
    {
      "mode": "managed",
      "type": "yandex_vpc_network",
      "name": "develop",
      "provider": "provider[\"registry.terraform.io/yandex-cloud/yandex\"]",
      "instances": [
        {
          "schema_version": 0,
          "attributes": {
            "created_at": "2026-04-10T10:15:02Z",
            "default_security_group_id": "enprrkrech4mlido0pu5",
            "description": "",
            "folder_id": "b1ghkk8deprh76olu1sh",
            "id": "enpr9jovdej6iaivbo4v",
            "labels": {},
            "name": "develop",
            "subnet_ids": [],
            "timeouts": null
          },
          "sensitive_attributes": [],
          "identity_schema_version": 0,
          "private": "eyJlMmJmYjczMC1lY2FhLTExZTYtOGY4OC0zNDM2M2JjN2M0YzAiOnsiY3JlYXRlIjo2MDAwMDAwMDAwMCwiZGVsZXRlIjo2MDAwMDAwMDAwMCwidXBkYXRlIjo2MDAwMDAwMDAwMH19"
        }
      ]
    },
    {
      "mode": "managed",
      "type": "yandex_vpc_subnet",
      "name": "develop",
      "provider": "provider[\"registry.terraform.io/yandex-cloud/yandex\"]",
      "instances": [
        {
          "schema_version": 0,
          "attributes": {
            "created_at": "2026-04-10T10:15:04Z",
            "description": "",
            "dhcp_options": [],
            "folder_id": "b1ghkk8deprh76olu1sh",
            "id": "e9b3e3btr644eur9dt4t",
            "labels": {},
            "name": "develop-ru-central1-a",
            "network_id": "enpr9jovdej6iaivbo4v",
            "route_table_id": "",
            "timeouts": null,
            "v4_cidr_blocks": [
              "10.0.1.0/24"
            ],
            "v6_cidr_blocks": [],
            "zone": "ru-central1-a"
          },
          "sensitive_attributes": [],
          "identity_schema_version": 0,
          "private": "eyJlMmJmYjczMC1lY2FhLTExZTYtOGY4OC0zNDM2M2JjN2M0YzAiOnsiY3JlYXRlIjoxODAwMDAwMDAwMDAsImRlbGV0ZSI6MTgwMDAwMDAwMDAwLCJ1cGRhdGUiOjE4MDAwMDAwMDAwMH19",
          "dependencies": [
            "yandex_vpc_network.develop"
          ]
        }
      ]
    }
  ],
  "check_results": null
}
